// !$*UTF8*$!
{
	archiveVersion = 1;
	classes = {
	};
	objectVersion = 48;
	objects = {

/* Begin PBXBuildFile section */
		E5B552C620549FC600FA68E4 /* CongressKit.framework in Frameworks */ = {isa = PBXBuildFile; fileRef = E5B552BC20549FC600FA68E4 /* CongressKit.framework */; };
		E5B552CB20549FC600FA68E4 /* CongressKitTests.swift in Sources */ = {isa = PBXBuildFile; fileRef = E5B552CA20549FC600FA68E4 /* CongressKitTests.swift */; };
		E5B552CD20549FC600FA68E4 /* CongressKit.h in Headers */ = {isa = PBXBuildFile; fileRef = E5B552BF20549FC600FA68E4 /* CongressKit.h */; settings = {ATTRIBUTES = (Public, ); }; };
		E5B5532E2054D14400FA68E4 /* URLRequestBuilder.swift in Sources */ = {isa = PBXBuildFile; fileRef = E5B5531D2054D14400FA68E4 /* URLRequestBuilder.swift */; };
		E5B5532F2054D14400FA68E4 /* SpecificBillResponse.swift in Sources */ = {isa = PBXBuildFile; fileRef = E5B553202054D14400FA68E4 /* SpecificBillResponse.swift */; };
		E5B553302054D14400FA68E4 /* RecentBillsByMemberResponse.swift in Sources */ = {isa = PBXBuildFile; fileRef = E5B553212054D14400FA68E4 /* RecentBillsByMemberResponse.swift */; };
		E5B553312054D14400FA68E4 /* RecentBillsResponse.swift in Sources */ = {isa = PBXBuildFile; fileRef = E5B553222054D14400FA68E4 /* RecentBillsResponse.swift */; };
		E5B553322054D14400FA68E4 /* AmendmentsForBillResponse.swift in Sources */ = {isa = PBXBuildFile; fileRef = E5B553232054D14400FA68E4 /* AmendmentsForBillResponse.swift */; };
		E5B553332054D14400FA68E4 /* SearchBillsResponse.swift in Sources */ = {isa = PBXBuildFile; fileRef = E5B553242054D14400FA68E4 /* SearchBillsResponse.swift */; };
		E5B553342054D14400FA68E4 /* SubjectsForBillResponse.swift in Sources */ = {isa = PBXBuildFile; fileRef = E5B553252054D14400FA68E4 /* SubjectsForBillResponse.swift */; };
		E5B553352054D14400FA68E4 /* RelatedBillsForBillResponse.swift in Sources */ = {isa = PBXBuildFile; fileRef = E5B553262054D14400FA68E4 /* RelatedBillsForBillResponse.swift */; };
		E5B553362054D14400FA68E4 /* BillSubjectResponse.swift in Sources */ = {isa = PBXBuildFile; fileRef = E5B553272054D14400FA68E4 /* BillSubjectResponse.swift */; };
		E5B553372054D14400FA68E4 /* RecentBillsBySubjectResponse.swift in Sources */ = {isa = PBXBuildFile; fileRef = E5B553282054D14400FA68E4 /* RecentBillsBySubjectResponse.swift */; };
		E5B553382054D14400FA68E4 /* UpcomingBillsResponse.swift in Sources */ = {isa = PBXBuildFile; fileRef = E5B553292054D14400FA68E4 /* UpcomingBillsResponse.swift */; };
		E5B553392054D14400FA68E4 /* CosponsorsForBillResponse.swift in Sources */ = {isa = PBXBuildFile; fileRef = E5B5532A2054D14400FA68E4 /* CosponsorsForBillResponse.swift */; };
		E5B5533A2054D14400FA68E4 /* NetworkingKit.swift in Sources */ = {isa = PBXBuildFile; fileRef = E5B5532B2054D14400FA68E4 /* NetworkingKit.swift */; };
		E5B5533B2054D14400FA68E4 /* Chamber.swift in Sources */ = {isa = PBXBuildFile; fileRef = E5B5532D2054D14400FA68E4 /* Chamber.swift */; };
/* End PBXBuildFile section */

/* Begin PBXContainerItemProxy section */
		E5B552C720549FC600FA68E4 /* PBXContainerItemProxy */ = {
			isa = PBXContainerItemProxy;
			containerPortal = E5B552B320549FC600FA68E4 /* Project object */;
			proxyType = 1;
			remoteGlobalIDString = E5B552BB20549FC600FA68E4;
			remoteInfo = CongressKit;
		};
/* End PBXContainerItemProxy section */

/* Begin PBXFileReference section */
		E5B552BC20549FC600FA68E4 /* CongressKit.framework */ = {isa = PBXFileReference; explicitFileType = wrapper.framework; includeInIndex = 0; path = CongressKit.framework; sourceTree = BUILT_PRODUCTS_DIR; };
		E5B552BF20549FC600FA68E4 /* CongressKit.h */ = {isa = PBXFileReference; lastKnownFileType = sourcecode.c.h; path = CongressKit.h; sourceTree = "<group>"; };
		E5B552C020549FC600FA68E4 /* Info.plist */ = {isa = PBXFileReference; lastKnownFileType = text.plist.xml; path = Info.plist; sourceTree = "<group>"; };
		E5B552C520549FC600FA68E4 /* CongressKitTests.xctest */ = {isa = PBXFileReference; explicitFileType = wrapper.cfbundle; includeInIndex = 0; path = CongressKitTests.xctest; sourceTree = BUILT_PRODUCTS_DIR; };
		E5B552CA20549FC600FA68E4 /* CongressKitTests.swift */ = {isa = PBXFileReference; lastKnownFileType = sourcecode.swift; path = CongressKitTests.swift; sourceTree = "<group>"; };
		E5B552CC20549FC600FA68E4 /* Info.plist */ = {isa = PBXFileReference; lastKnownFileType = text.plist.xml; path = Info.plist; sourceTree = "<group>"; };
		E5B5531D2054D14400FA68E4 /* URLRequestBuilder.swift */ = {isa = PBXFileReference; fileEncoding = 4; lastKnownFileType = sourcecode.swift; path = URLRequestBuilder.swift; sourceTree = "<group>"; };
		E5B553202054D14400FA68E4 /* SpecificBillResponse.swift */ = {isa = PBXFileReference; fileEncoding = 4; lastKnownFileType = sourcecode.swift; path = SpecificBillResponse.swift; sourceTree = "<group>"; };
		E5B553212054D14400FA68E4 /* RecentBillsByMemberResponse.swift */ = {isa = PBXFileReference; fileEncoding = 4; lastKnownFileType = sourcecode.swift; path = RecentBillsByMemberResponse.swift; sourceTree = "<group>"; };
		E5B553222054D14400FA68E4 /* RecentBillsResponse.swift */ = {isa = PBXFileReference; fileEncoding = 4; lastKnownFileType = sourcecode.swift; path = RecentBillsResponse.swift; sourceTree = "<group>"; };
		E5B553232054D14400FA68E4 /* AmendmentsForBillResponse.swift */ = {isa = PBXFileReference; fileEncoding = 4; lastKnownFileType = sourcecode.swift; path = AmendmentsForBillResponse.swift; sourceTree = "<group>"; };
		E5B553242054D14400FA68E4 /* SearchBillsResponse.swift */ = {isa = PBXFileReference; fileEncoding = 4; lastKnownFileType = sourcecode.swift; path = SearchBillsResponse.swift; sourceTree = "<group>"; };
		E5B553252054D14400FA68E4 /* SubjectsForBillResponse.swift */ = {isa = PBXFileReference; fileEncoding = 4; lastKnownFileType = sourcecode.swift; path = SubjectsForBillResponse.swift; sourceTree = "<group>"; };
		E5B553262054D14400FA68E4 /* RelatedBillsForBillResponse.swift */ = {isa = PBXFileReference; fileEncoding = 4; lastKnownFileType = sourcecode.swift; path = RelatedBillsForBillResponse.swift; sourceTree = "<group>"; };
		E5B553272054D14400FA68E4 /* BillSubjectResponse.swift */ = {isa = PBXFileReference; fileEncoding = 4; lastKnownFileType = sourcecode.swift; path = BillSubjectResponse.swift; sourceTree = "<group>"; };
		E5B553282054D14400FA68E4 /* RecentBillsBySubjectResponse.swift */ = {isa = PBXFileReference; fileEncoding = 4; lastKnownFileType = sourcecode.swift; path = RecentBillsBySubjectResponse.swift; sourceTree = "<group>"; };
		E5B553292054D14400FA68E4 /* UpcomingBillsResponse.swift */ = {isa = PBXFileReference; fileEncoding = 4; lastKnownFileType = sourcecode.swift; path = UpcomingBillsResponse.swift; sourceTree = "<group>"; };
		E5B5532A2054D14400FA68E4 /* CosponsorsForBillResponse.swift */ = {isa = PBXFileReference; fileEncoding = 4; lastKnownFileType = sourcecode.swift; path = CosponsorsForBillResponse.swift; sourceTree = "<group>"; };
		E5B5532B2054D14400FA68E4 /* NetworkingKit.swift */ = {isa = PBXFileReference; fileEncoding = 4; lastKnownFileType = sourcecode.swift; path = NetworkingKit.swift; sourceTree = "<group>"; };
		E5B5532D2054D14400FA68E4 /* Chamber.swift */ = {isa = PBXFileReference; fileEncoding = 4; lastKnownFileType = sourcecode.swift; path = Chamber.swift; sourceTree = "<group>"; };
/* End PBXFileReference section */

/* Begin PBXFrameworksBuildPhase section */
		E5B552B820549FC600FA68E4 /* Frameworks */ = {
			isa = PBXFrameworksBuildPhase;
			buildActionMask = 2147483647;
			files = (
			);
			runOnlyForDeploymentPostprocessing = 0;
		};
		E5B552C220549FC600FA68E4 /* Frameworks */ = {
			isa = PBXFrameworksBuildPhase;
			buildActionMask = 2147483647;
			files = (
				E5B552C620549FC600FA68E4 /* CongressKit.framework in Frameworks */,
			);
			runOnlyForDeploymentPostprocessing = 0;
		};
/* End PBXFrameworksBuildPhase section */

/* Begin PBXGroup section */
		E5B552B220549FC600FA68E4 = {
			isa = PBXGroup;
			children = (
				E5B552BE20549FC600FA68E4 /* CongressKit */,
				E5B552C920549FC600FA68E4 /* CongressKitTests */,
				E5B552BD20549FC600FA68E4 /* Products */,
			);
			sourceTree = "<group>";
		};
		E5B552BD20549FC600FA68E4 /* Products */ = {
			isa = PBXGroup;
			children = (
				E5B552BC20549FC600FA68E4 /* CongressKit.framework */,
				E5B552C520549FC600FA68E4 /* CongressKitTests.xctest */,
			);
			name = Products;
			sourceTree = "<group>";
		};
		E5B552BE20549FC600FA68E4 /* CongressKit */ = {
			isa = PBXGroup;
			children = (
				E5B5531C2054D14400FA68E4 /* Classes */,
				E5B552BF20549FC600FA68E4 /* CongressKit.h */,
				E5B552C020549FC600FA68E4 /* Info.plist */,
			);
			path = CongressKit;
			sourceTree = "<group>";
		};
		E5B552C920549FC600FA68E4 /* CongressKitTests */ = {
			isa = PBXGroup;
			children = (
				E5B552CA20549FC600FA68E4 /* CongressKitTests.swift */,
				E5B552CC20549FC600FA68E4 /* Info.plist */,
			);
			path = CongressKitTests;
			sourceTree = "<group>";
		};
		E5B5531C2054D14400FA68E4 /* Classes */ = {
			isa = PBXGroup;
			children = (
				E5B5532B2054D14400FA68E4 /* NetworkingKit.swift */,
				E5B5531D2054D14400FA68E4 /* URLRequestBuilder.swift */,
				E5B5531E2054D14400FA68E4 /* Responses */,
				E5B5532C2054D14400FA68E4 /* Models */,
			);
			path = Classes;
			sourceTree = "<group>";
		};
		E5B5531E2054D14400FA68E4 /* Responses */ = {
			isa = PBXGroup;
			children = (
				E5B5531F2054D14400FA68E4 /* Bills */,
			);
			path = Responses;
			sourceTree = "<group>";
		};
		E5B5531F2054D14400FA68E4 /* Bills */ = {
			isa = PBXGroup;
			children = (
				E5B553202054D14400FA68E4 /* SpecificBillResponse.swift */,
				E5B553212054D14400FA68E4 /* RecentBillsByMemberResponse.swift */,
				E5B553222054D14400FA68E4 /* RecentBillsResponse.swift */,
				E5B553232054D14400FA68E4 /* AmendmentsForBillResponse.swift */,
				E5B553242054D14400FA68E4 /* SearchBillsResponse.swift */,
				E5B553252054D14400FA68E4 /* SubjectsForBillResponse.swift */,
				E5B553262054D14400FA68E4 /* RelatedBillsForBillResponse.swift */,
				E5B553272054D14400FA68E4 /* BillSubjectResponse.swift */,
				E5B553282054D14400FA68E4 /* RecentBillsBySubjectResponse.swift */,
				E5B553292054D14400FA68E4 /* UpcomingBillsResponse.swift */,
				E5B5532A2054D14400FA68E4 /* CosponsorsForBillResponse.swift */,
			);
			path = Bills;
			sourceTree = "<group>";
		};
		E5B5532C2054D14400FA68E4 /* Models */ = {
			isa = PBXGroup;
			children = (
				E5B5532D2054D14400FA68E4 /* Chamber.swift */,
			);
			path = Models;
			sourceTree = "<group>";
		};
/* End PBXGroup section */

/* Begin PBXHeadersBuildPhase section */
		E5B552B920549FC600FA68E4 /* Headers */ = {
			isa = PBXHeadersBuildPhase;
			buildActionMask = 2147483647;
			files = (
				E5B552CD20549FC600FA68E4 /* CongressKit.h in Headers */,
			);
			runOnlyForDeploymentPostprocessing = 0;
		};
/* End PBXHeadersBuildPhase section */

/* Begin PBXNativeTarget section */
		E5B552BB20549FC600FA68E4 /* CongressKit */ = {
			isa = PBXNativeTarget;
			buildConfigurationList = E5B552D020549FC600FA68E4 /* Build configuration list for PBXNativeTarget "CongressKit" */;
			buildPhases = (
				E5B552B720549FC600FA68E4 /* Sources */,
				E5B552B820549FC600FA68E4 /* Frameworks */,
				E5B552B920549FC600FA68E4 /* Headers */,
				E5B552BA20549FC600FA68E4 /* Resources */,
			);
			buildRules = (
			);
			dependencies = (
			);
			name = CongressKit;
			productName = CongressKit;
			productReference = E5B552BC20549FC600FA68E4 /* CongressKit.framework */;
			productType = "com.apple.product-type.framework";
		};
		E5B552C420549FC600FA68E4 /* CongressKitTests */ = {
			isa = PBXNativeTarget;
			buildConfigurationList = E5B552D320549FC600FA68E4 /* Build configuration list for PBXNativeTarget "CongressKitTests" */;
			buildPhases = (
				E5B552C120549FC600FA68E4 /* Sources */,
				E5B552C220549FC600FA68E4 /* Frameworks */,
				E5B552C320549FC600FA68E4 /* Resources */,
			);
			buildRules = (
			);
			dependencies = (
				E5B552C820549FC600FA68E4 /* PBXTargetDependency */,
			);
			name = CongressKitTests;
			productName = CongressKitTests;
			productReference = E5B552C520549FC600FA68E4 /* CongressKitTests.xctest */;
			productType = "com.apple.product-type.bundle.unit-test";
		};
/* End PBXNativeTarget section */

/* Begin PBXProject section */
		E5B552B320549FC600FA68E4 /* Project object */ = {
			isa = PBXProject;
			attributes = {
				LastSwiftUpdateCheck = 0920;
				LastUpgradeCheck = 0920;
				ORGANIZATIONNAME = "Justin Sharkey";
				TargetAttributes = {
					E5B552BB20549FC600FA68E4 = {
						CreatedOnToolsVersion = 9.2;
						ProvisioningStyle = Automatic;
					};
					E5B552C420549FC600FA68E4 = {
						CreatedOnToolsVersion = 9.2;
						ProvisioningStyle = Automatic;
					};
				};
			};
			buildConfigurationList = E5B552B620549FC600FA68E4 /* Build configuration list for PBXProject "CongressKit" */;
			compatibilityVersion = "Xcode 8.0";
			developmentRegion = en;
			hasScannedForEncodings = 0;
			knownRegions = (
				en,
			);
			mainGroup = E5B552B220549FC600FA68E4;
			productRefGroup = E5B552BD20549FC600FA68E4 /* Products */;
			projectDirPath = "";
			projectRoot = "";
			targets = (
				E5B552BB20549FC600FA68E4 /* CongressKit */,
				E5B552C420549FC600FA68E4 /* CongressKitTests */,
			);
		};
/* End PBXProject section */

/* Begin PBXResourcesBuildPhase section */
		E5B552BA20549FC600FA68E4 /* Resources */ = {
			isa = PBXResourcesBuildPhase;
			buildActionMask = 2147483647;
			files = (
			);
			runOnlyForDeploymentPostprocessing = 0;
		};
		E5B552C320549FC600FA68E4 /* Resources */ = {
			isa = PBXResourcesBuildPhase;
			buildActionMask = 2147483647;
			files = (
			);
			runOnlyForDeploymentPostprocessing = 0;
		};
/* End PBXResourcesBuildPhase section */

/* Begin PBXSourcesBuildPhase section */
		E5B552B720549FC600FA68E4 /* Sources */ = {
			isa = PBXSourcesBuildPhase;
			buildActionMask = 2147483647;
			files = (
				E5B553372054D14400FA68E4 /* RecentBillsBySubjectResponse.swift in Sources */,
				E5B553302054D14400FA68E4 /* RecentBillsByMemberResponse.swift in Sources */,
				E5B553332054D14400FA68E4 /* SearchBillsResponse.swift in Sources */,
				E5B5532E2054D14400FA68E4 /* URLRequestBuilder.swift in Sources */,
				E5B5533B2054D14400FA68E4 /* Chamber.swift in Sources */,
				E5B553322054D14400FA68E4 /* AmendmentsForBillResponse.swift in Sources */,
				E5B553352054D14400FA68E4 /* RelatedBillsForBillResponse.swift in Sources */,
				E5B553362054D14400FA68E4 /* BillSubjectResponse.swift in Sources */,
				E5B553342054D14400FA68E4 /* SubjectsForBillResponse.swift in Sources */,
				E5B5533A2054D14400FA68E4 /* NetworkingKit.swift in Sources */,
				E5B553392054D14400FA68E4 /* CosponsorsForBillResponse.swift in Sources */,
				E5B553312054D14400FA68E4 /* RecentBillsResponse.swift in Sources */,
				E5B5532F2054D14400FA68E4 /* SpecificBillResponse.swift in Sources */,
				E5B553382054D14400FA68E4 /* UpcomingBillsResponse.swift in Sources */,
			);
			runOnlyForDeploymentPostprocessing = 0;
		};
		E5B552C120549FC600FA68E4 /* Sources */ = {
			isa = PBXSourcesBuildPhase;
			buildActionMask = 2147483647;
			files = (
				E5B552CB20549FC600FA68E4 /* CongressKitTests.swift in Sources */,
			);
			runOnlyForDeploymentPostprocessing = 0;
		};
/* End PBXSourcesBuildPhase section */

/* Begin PBXTargetDependency section */
		E5B552C820549FC600FA68E4 /* PBXTargetDependency */ = {
			isa = PBXTargetDependency;
			target = E5B552BB20549FC600FA68E4 /* CongressKit */;
			targetProxy = E5B552C720549FC600FA68E4 /* PBXContainerItemProxy */;
		};
/* End PBXTargetDependency section */

/* Begin XCBuildConfiguration section */
		E5B552CE20549FC600FA68E4 /* Debug */ = {
			isa = XCBuildConfiguration;
			buildSettings = {
				ALWAYS_SEARCH_USER_PATHS = NO;
				CLANG_ANALYZER_NONNULL = YES;
				CLANG_ANALYZER_NUMBER_OBJECT_CONVERSION = YES_AGGRESSIVE;
				CLANG_CXX_LANGUAGE_STANDARD = "gnu++14";
				CLANG_CXX_LIBRARY = "libc++";
				CLANG_ENABLE_MODULES = YES;
				CLANG_ENABLE_OBJC_ARC = YES;
				CLANG_WARN_BLOCK_CAPTURE_AUTORELEASING = YES;
				CLANG_WARN_BOOL_CONVERSION = YES;
				CLANG_WARN_COMMA = YES;
				CLANG_WARN_CONSTANT_CONVERSION = YES;
				CLANG_WARN_DIRECT_OBJC_ISA_USAGE = YES_ERROR;
				CLANG_WARN_DOCUMENTATION_COMMENTS = YES;
				CLANG_WARN_EMPTY_BODY = YES;
				CLANG_WARN_ENUM_CONVERSION = YES;
				CLANG_WARN_INFINITE_RECURSION = YES;
				CLANG_WARN_INT_CONVERSION = YES;
				CLANG_WARN_NON_LITERAL_NULL_CONVERSION = YES;
				CLANG_WARN_OBJC_LITERAL_CONVERSION = YES;
				CLANG_WARN_OBJC_ROOT_CLASS = YES_ERROR;
				CLANG_WARN_RANGE_LOOP_ANALYSIS = YES;
				CLANG_WARN_STRICT_PROTOTYPES = YES;
				CLANG_WARN_SUSPICIOUS_MOVE = YES;
				CLANG_WARN_UNGUARDED_AVAILABILITY = YES_AGGRESSIVE;
				CLANG_WARN_UNREACHABLE_CODE = YES;
				CLANG_WARN__DUPLICATE_METHOD_MATCH = YES;
				CODE_SIGN_IDENTITY = "iPhone Developer";
				COPY_PHASE_STRIP = NO;
				CURRENT_PROJECT_VERSION = 1;
				DEBUG_INFORMATION_FORMAT = dwarf;
				ENABLE_STRICT_OBJC_MSGSEND = YES;
				ENABLE_TESTABILITY = YES;
				GCC_C_LANGUAGE_STANDARD = gnu11;
				GCC_DYNAMIC_NO_PIC = NO;
				GCC_NO_COMMON_BLOCKS = YES;
				GCC_OPTIMIZATION_LEVEL = 0;
				GCC_PREPROCESSOR_DEFINITIONS = (
					"DEBUG=1",
					"$(inherited)",
				);
				GCC_WARN_64_TO_32_BIT_CONVERSION = YES;
				GCC_WARN_ABOUT_RETURN_TYPE = YES_ERROR;
				GCC_WARN_UNDECLARED_SELECTOR = YES;
				GCC_WARN_UNINITIALIZED_AUTOS = YES_AGGRESSIVE;
				GCC_WARN_UNUSED_FUNCTION = YES;
				GCC_WARN_UNUSED_VARIABLE = YES;
				IPHONEOS_DEPLOYMENT_TARGET = 11.2;
				MTL_ENABLE_DEBUG_INFO = YES;
				ONLY_ACTIVE_ARCH = YES;
				SDKROOT = iphoneos;
				SWIFT_ACTIVE_COMPILATION_CONDITIONS = DEBUG;
				SWIFT_OPTIMIZATION_LEVEL = "-Onone";
				VERSIONING_SYSTEM = "apple-generic";
				VERSION_INFO_PREFIX = "";
			};
			name = Debug;
		};
		E5B552CF20549FC600FA68E4 /* Release */ = {
			isa = XCBuildConfiguration;
			buildSettings = {
				ALWAYS_SEARCH_USER_PATHS = NO;
				CLANG_ANALYZER_NONNULL = YES;
				CLANG_ANALYZER_NUMBER_OBJECT_CONVERSION = YES_AGGRESSIVE;
				CLANG_CXX_LANGUAGE_STANDARD = "gnu++14";
				CLANG_CXX_LIBRARY = "libc++";
				CLANG_ENABLE_MODULES = YES;
				CLANG_ENABLE_OBJC_ARC = YES;
				CLANG_WARN_BLOCK_CAPTURE_AUTORELEASING = YES;
				CLANG_WARN_BOOL_CONVERSION = YES;
				CLANG_WARN_COMMA = YES;
				CLANG_WARN_CONSTANT_CONVERSION = YES;
				CLANG_WARN_DIRECT_OBJC_ISA_USAGE = YES_ERROR;
				CLANG_WARN_DOCUMENTATION_COMMENTS = YES;
				CLANG_WARN_EMPTY_BODY = YES;
				CLANG_WARN_ENUM_CONVERSION = YES;
				CLANG_WARN_INFINITE_RECURSION = YES;
				CLANG_WARN_INT_CONVERSION = YES;
				CLANG_WARN_NON_LITERAL_NULL_CONVERSION = YES;
				CLANG_WARN_OBJC_LITERAL_CONVERSION = YES;
				CLANG_WARN_OBJC_ROOT_CLASS = YES_ERROR;
				CLANG_WARN_RANGE_LOOP_ANALYSIS = YES;
				CLANG_WARN_STRICT_PROTOTYPES = YES;
				CLANG_WARN_SUSPICIOUS_MOVE = YES;
				CLANG_WARN_UNGUARDED_AVAILABILITY = YES_AGGRESSIVE;
				CLANG_WARN_UNREACHABLE_CODE = YES;
				CLANG_WARN__DUPLICATE_METHOD_MATCH = YES;
				CODE_SIGN_IDENTITY = "iPhone Developer";
				COPY_PHASE_STRIP = NO;
				CURRENT_PROJECT_VERSION = 1;
				DEBUG_INFORMATION_FORMAT = "dwarf-with-dsym";
				ENABLE_NS_ASSERTIONS = NO;
				ENABLE_STRICT_OBJC_MSGSEND = YES;
				GCC_C_LANGUAGE_STANDARD = gnu11;
				GCC_NO_COMMON_BLOCKS = YES;
				GCC_WARN_64_TO_32_BIT_CONVERSION = YES;
				GCC_WARN_ABOUT_RETURN_TYPE = YES_ERROR;
				GCC_WARN_UNDECLARED_SELECTOR = YES;
				GCC_WARN_UNINITIALIZED_AUTOS = YES_AGGRESSIVE;
				GCC_WARN_UNUSED_FUNCTION = YES;
				GCC_WARN_UNUSED_VARIABLE = YES;
				IPHONEOS_DEPLOYMENT_TARGET = 11.2;
				MTL_ENABLE_DEBUG_INFO = NO;
				SDKROOT = iphoneos;
				SWIFT_OPTIMIZATION_LEVEL = "-Owholemodule";
				VALIDATE_PRODUCT = YES;
				VERSIONING_SYSTEM = "apple-generic";
				VERSION_INFO_PREFIX = "";
			};
			name = Release;
		};
		E5B552D120549FC600FA68E4 /* Debug */ = {
			isa = XCBuildConfiguration;
			buildSettings = {
				CODE_SIGN_IDENTITY = "";
				CODE_SIGN_STYLE = Automatic;
				DEFINES_MODULE = YES;
				DYLIB_COMPATIBILITY_VERSION = 1;
				DYLIB_CURRENT_VERSION = 1;
				DYLIB_INSTALL_NAME_BASE = "@rpath";
				INFOPLIST_FILE = CongressKit/Info.plist;
				INSTALL_PATH = "$(LOCAL_LIBRARY_DIR)/Frameworks";
				LD_RUNPATH_SEARCH_PATHS = "$(inherited) @executable_path/Frameworks @loader_path/Frameworks";
				PRODUCT_BUNDLE_IDENTIFIER = com.justinsharkey.CongressKit;
				PRODUCT_NAME = "$(TARGET_NAME:c99extidentifier)";
				SKIP_INSTALL = YES;
				SWIFT_VERSION = 4.0;
				TARGETED_DEVICE_FAMILY = "1,2";
			};
			name = Debug;
		};
		E5B552D220549FC600FA68E4 /* Release */ = {
			isa = XCBuildConfiguration;
			buildSettings = {
				CODE_SIGN_IDENTITY = "";
				CODE_SIGN_STYLE = Automatic;
				DEFINES_MODULE = YES;
				DYLIB_COMPATIBILITY_VERSION = 1;
				DYLIB_CURRENT_VERSION = 1;
				DYLIB_INSTALL_NAME_BASE = "@rpath";
				INFOPLIST_FILE = CongressKit/Info.plist;
				INSTALL_PATH = "$(LOCAL_LIBRARY_DIR)/Frameworks";
				LD_RUNPATH_SEARCH_PATHS = "$(inherited) @executable_path/Frameworks @loader_path/Frameworks";
				PRODUCT_BUNDLE_IDENTIFIER = com.justinsharkey.CongressKit;
				PRODUCT_NAME = "$(TARGET_NAME:c99extidentifier)";
				SKIP_INSTALL = YES;
				SWIFT_VERSION = 4.0;
				TARGETED_DEVICE_FAMILY = "1,2";
			};
			name = Release;
		};
		E5B552D420549FC600FA68E4 /* Debug */ = {
			isa = XCBuildConfiguration;
			buildSettings = {
				ALWAYS_EMBED_SWIFT_STANDARD_LIBRARIES = YES;
				CODE_SIGN_STYLE = Automatic;
				INFOPLIST_FILE = CongressKitTests/Info.plist;
				LD_RUNPATH_SEARCH_PATHS = "$(inherited) @executable_path/Frameworks @loader_path/Frameworks";
				PRODUCT_BUNDLE_IDENTIFIER = com.justinsharkey.CongressKitTests;
				PRODUCT_NAME = "$(TARGET_NAME)";
				SWIFT_VERSION = 4.0;
				TARGETED_DEVICE_FAMILY = "1,2";
			};
			name = Debug;
		};
		E5B552D520549FC600FA68E4 /* Release */ = {
			isa = XCBuildConfiguration;
			buildSettings = {
				ALWAYS_EMBED_SWIFT_STANDARD_LIBRARIES = YES;
				CODE_SIGN_STYLE = Automatic;
				INFOPLIST_FILE = CongressKitTests/Info.plist;
				LD_RUNPATH_SEARCH_PATHS = "$(inherited) @executable_path/Frameworks @loader_path/Frameworks";
				PRODUCT_BUNDLE_IDENTIFIER = com.justinsharkey.CongressKitTests;
				PRODUCT_NAME = "$(TARGET_NAME)";
				SWIFT_VERSION = 4.0;
				TARGETED_DEVICE_FAMILY = "1,2";
			};
			name = Release;
		};
/* End XCBuildConfiguration section */

/* Begin XCConfigurationList section */
		E5B552B620549FC600FA68E4 /* Build configuration list for PBXProject "CongressKit" */ = {
			isa = XCConfigurationList;
			buildConfigurations = (
				E5B552CE20549FC600FA68E4 /* Debug */,
				E5B552CF20549FC600FA68E4 /* Release */,
			);
			defaultConfigurationIsVisible = 0;
			defaultConfigurationName = Release;
		};
		E5B552D020549FC600FA68E4 /* Build configuration list for PBXNativeTarget "CongressKit" */ = {
			isa = XCConfigurationList;
			buildConfigurations = (
				E5B552D120549FC600FA68E4 /* Debug */,
				E5B552D220549FC600FA68E4 /* Release */,
			);
			defaultConfigurationIsVisible = 0;
			defaultConfigurationName = Release;
		};
		E5B552D320549FC600FA68E4 /* Build configuration list for PBXNativeTarget "CongressKitTests" */ = {
			isa = XCConfigurationList;
			buildConfigurations = (
				E5B552D420549FC600FA68E4 /* Debug */,
				E5B552D520549FC600FA68E4 /* Release */,
			);
			defaultConfigurationIsVisible = 0;
			defaultConfigurationName = Release;
		};
/* End XCConfigurationList section */
	};
	rootObject = E5B552B320549FC600FA68E4 /* Project object */;
}
